
Microsoft Visual Studio Solution File, Format Version 12.00
# Visual Studio Version 16
VisualStudioVersion = 16.0.31229.75
MinimumVisualStudioVersion = 10.0.40219.1
Project("{8BC9CEB8-8B4A-11D0-8D11-00A0C91BC942}") = "opengl2dtest", "opengl2dtest\opengl2dtest.vcxproj", "{37E63317-DAEA-4E15-8DFE-EB2BFCE16361}"
EndProject
Global
	GlobalSection(SolutionConfigurationPlatforms) = preSolution
		Debug|x64 = Debug|x64
		Debug|x86 = Debug|x86
		Release|x64 = Release|x64
		Release|x86 = Release|x86
	EndGlobalSection
	GlobalSection(ProjectConfigurationPlatforms) = postSolution
		{37E63317-DAEA-4E15-8DFE-EB2BFCE16361}.Debug|x64.ActiveCfg = Debug|x64
		{37E63317-DAEA-4E15-8DFE-EB2BFCE16361}.Debug|x64.Build.0 = Debug|x64
		{37E63317-DAEA-4E15-8DFE-EB2BFCE16361}.Debug|x86.ActiveCfg = Debug|Win32
		{37E63317-DAEA-4E15-8DFE-EB2BFCE16361}.Debug|x86.Build.0 = Debug|Win32
		{37E63317-DAEA-4E15-8DFE-EB2BFCE16361}.Release|x64.ActiveCfg = Release|x64
		{37E63317-DAEA-4E15-8DFE-EB2BFCE16361}.Release|x64.Build.0 = Release|x64
		{37E63317-DAEA-4E15-8DFE-EB2BFCE16361}.Release|x86.ActiveCfg = Release|Win32
		{37E63317-DAEA-4E15-8DFE-EB2BFCE16361}.Release|x86.Build.0 = Release|Win32
	EndGlobalSection
	GlobalSection(SolutionProperties) = preSolution
		HideSolutionNode = FALSE
	EndGlobalSection
	GlobalSection(ExtensibilityGlobals) = postSolution
		SolutionGuid = {7C10A891-0173-493C-807E-2F87F95A5EF0}
	EndGlobalSection
EndGlobal
